
Microsoft Visual Studio Solution File, Format Version 12.00
# Visual Studio Version 17
VisualStudioVersion = 17.11.35327.3
MinimumVisualStudioVersion = 10.0.40219.1
Project("{9A19103F-16F7-4668-BE54-9A1E7A4F7556}") = "HotelListing.API", "HotelListing.API\HotelListing.API.csproj", "{36274379-4E1E-434A-A40A-4919F64FE850}"
EndProject
Global
	GlobalSection(SolutionConfigurationPlatforms) = preSolution
		Debug|Any CPU = Debug|Any CPU
		Release|Any CPU = Release|Any CPU
	EndGlobalSection
	GlobalSection(ProjectConfigurationPlatforms) = postSolution
		{36274379-4E1E-434A-A40A-4919F64FE850}.Debug|Any CPU.ActiveCfg = Debug|Any CPU
		{36274379-4E1E-434A-A40A-4919F64FE850}.Debug|Any CPU.Build.0 = Debug|Any CPU
		{36274379-4E1E-434A-A40A-4919F64FE850}.Release|Any CPU.ActiveCfg = Release|Any CPU
		{36274379-4E1E-434A-A40A-4919F64FE850}.Release|Any CPU.Build.0 = Release|Any CPU
	EndGlobalSection
	GlobalSection(SolutionProperties) = preSolution
		HideSolutionNode = FALSE
	EndGlobalSection
	GlobalSection(ExtensibilityGlobals) = postSolution
		SolutionGuid = {F7F316CF-5ECB-43D1-8EF3-4C808D6F8FD1}
	EndGlobalSection
EndGlobal
